
Microsoft Visual Studio Solution File, Format Version 12.00
# Visual Studio Version 17
VisualStudioVersion = 17.5.33502.453
MinimumVisualStudioVersion = 10.0.40219.1
Project("{FAE04EC0-301F-11D3-BF4B-00C04F79EFBC}") = "BankingManagement_API", "BankingManagement_API\BankingManagement_API.csproj", "{76E764D6-8C31-4C03-BEE1-66C1A2F6730B}"
EndProject
Project("{FAE04EC0-301F-11D3-BF4B-00C04F79EFBC}") = "BankingManagement_Data", "BankingManagement_Data\BankingManagement_Data.csproj", "{245ED628-3AF6-42D9-8EED-4481A093BB8B}"
EndProject
Project("{FAE04EC0-301F-11D3-BF4B-00C04F79EFBC}") = "BankingManagement_Domain", "BankingManagement_Domain\BankingManagement_Domain.csproj", "{CC027B4E-A9D2-4057-9F9E-8EDB15760430}"
EndProject
Project("{FAE04EC0-301F-11D3-BF4B-00C04F79EFBC}") = "BankingManagement_Service", "BankingManagement_Service\BankingManagement_Service.csproj", "{3064C2CA-CA4A-4989-9B9A-BD3A3DA54991}"
EndProject
Global
	GlobalSection(SolutionConfigurationPlatforms) = preSolution
		Debug|Any CPU = Debug|Any CPU
		Release|Any CPU = Release|Any CPU
	EndGlobalSection
	GlobalSection(ProjectConfigurationPlatforms) = postSolution
		{76E764D6-8C31-4C03-BEE1-66C1A2F6730B}.Debug|Any CPU.ActiveCfg = Debug|Any CPU
		{76E764D6-8C31-4C03-BEE1-66C1A2F6730B}.Debug|Any CPU.Build.0 = Debug|Any CPU
		{76E764D6-8C31-4C03-BEE1-66C1A2F6730B}.Release|Any CPU.ActiveCfg = Release|Any CPU
		{76E764D6-8C31-4C03-BEE1-66C1A2F6730B}.Release|Any CPU.Build.0 = Release|Any CPU
		{245ED628-3AF6-42D9-8EED-4481A093BB8B}.Debug|Any CPU.ActiveCfg = Debug|Any CPU
		{245ED628-3AF6-42D9-8EED-4481A093BB8B}.Debug|Any CPU.Build.0 = Debug|Any CPU
		{245ED628-3AF6-42D9-8EED-4481A093BB8B}.Release|Any CPU.ActiveCfg = Release|Any CPU
		{245ED628-3AF6-42D9-8EED-4481A093BB8B}.Release|Any CPU.Build.0 = Release|Any CPU
		{CC027B4E-A9D2-4057-9F9E-8EDB15760430}.Debug|Any CPU.ActiveCfg = Debug|Any CPU
		{CC027B4E-A9D2-4057-9F9E-8EDB15760430}.Debug|Any CPU.Build.0 = Debug|Any CPU
		{CC027B4E-A9D2-4057-9F9E-8EDB15760430}.Release|Any CPU.ActiveCfg = Release|Any CPU
		{CC027B4E-A9D2-4057-9F9E-8EDB15760430}.Release|Any CPU.Build.0 = Release|Any CPU
		{3064C2CA-CA4A-4989-9B9A-BD3A3DA54991}.Debug|Any CPU.ActiveCfg = Debug|Any CPU
		{3064C2CA-CA4A-4989-9B9A-BD3A3DA54991}.Debug|Any CPU.Build.0 = Debug|Any CPU
		{3064C2CA-CA4A-4989-9B9A-BD3A3DA54991}.Release|Any CPU.ActiveCfg = Release|Any CPU
		{3064C2CA-CA4A-4989-9B9A-BD3A3DA54991}.Release|Any CPU.Build.0 = Release|Any CPU
	EndGlobalSection
	GlobalSection(SolutionProperties) = preSolution
		HideSolutionNode = FALSE
	EndGlobalSection
	GlobalSection(ExtensibilityGlobals) = postSolution
		SolutionGuid = {D2BD0A7F-8CF6-41F7-83AE-5C0134CE2F11}
	EndGlobalSection
EndGlobal
